
Microsoft Visual Studio Solution File, Format Version 12.00
# Visual Studio Version 17
VisualStudioVersion = 17.12.35527.113 d17.12
MinimumVisualStudioVersion = 10.0.40219.1
Project("{FAE04EC0-301F-11D3-BF4B-00C04F79EFBC}") = "InstaMessenger", "InstaMessenger.csproj", "{2120A46C-AC25-48CC-86F5-0C1D01162461}"
EndProject
Global
	GlobalSection(SolutionConfigurationPlatforms) = preSolution
		Debug|Any CPU = Debug|Any CPU
		Release|Any CPU = Release|Any CPU
	EndGlobalSection
	GlobalSection(ProjectConfigurationPlatforms) = postSolution
		{2120A46C-AC25-48CC-86F5-0C1D01162461}.Debug|Any CPU.ActiveCfg = Debug|Any CPU
		{2120A46C-AC25-48CC-86F5-0C1D01162461}.Debug|Any CPU.Build.0 = Debug|Any CPU
		{2120A46C-AC25-48CC-86F5-0C1D01162461}.Release|Any CPU.ActiveCfg = Release|Any CPU
		{2120A46C-AC25-48CC-86F5-0C1D01162461}.Release|Any CPU.Build.0 = Release|Any CPU
	EndGlobalSection
	GlobalSection(SolutionProperties) = preSolution
		HideSolutionNode = FALSE
	EndGlobalSection
EndGlobal
